
Microsoft Visual Studio Solution File, Format Version 12.00
# Visual Studio Version 17
VisualStudioVersion = 17.5.33516.290
MinimumVisualStudioVersion = 10.0.40219.1
Project("{9A19103F-16F7-4668-BE54-9A1E7A4F7556}") = "XoronautViewer", "XoronautViewer\XoronautViewer.csproj", "{AADA58CF-2903-48B0-8D4F-5E50BAEFA2A9}"
EndProject
Project("{9A19103F-16F7-4668-BE54-9A1E7A4F7556}") = "DataTicker3D", "DataTicker3D\DataTicker3D.csproj", "{DDFDD72A-8051-433B-A4BB-D2CA019AFECB}"
EndProject
Project("{FAE04EC0-301F-11D3-BF4B-00C04F79EFBC}") = "Primitives", "Primitives\Primitives.csproj", "{9AEEAD3F-DA34-4B90-BAB2-CE180B445D13}"
EndProject
Global
	GlobalSection(SolutionConfigurationPlatforms) = preSolution
		Debug|Any CPU = Debug|Any CPU
		Release|Any CPU = Release|Any CPU
	EndGlobalSection
	GlobalSection(ProjectConfigurationPlatforms) = postSolution
		{AADA58CF-2903-48B0-8D4F-5E50BAEFA2A9}.Debug|Any CPU.ActiveCfg = Debug|Any CPU
		{AADA58CF-2903-48B0-8D4F-5E50BAEFA2A9}.Debug|Any CPU.Build.0 = Debug|Any CPU
		{AADA58CF-2903-48B0-8D4F-5E50BAEFA2A9}.Release|Any CPU.ActiveCfg = Release|Any CPU
		{AADA58CF-2903-48B0-8D4F-5E50BAEFA2A9}.Release|Any CPU.Build.0 = Release|Any CPU
		{DDFDD72A-8051-433B-A4BB-D2CA019AFECB}.Debug|Any CPU.ActiveCfg = Debug|Any CPU
		{DDFDD72A-8051-433B-A4BB-D2CA019AFECB}.Debug|Any CPU.Build.0 = Debug|Any CPU
		{DDFDD72A-8051-433B-A4BB-D2CA019AFECB}.Release|Any CPU.ActiveCfg = Release|Any CPU
		{DDFDD72A-8051-433B-A4BB-D2CA019AFECB}.Release|Any CPU.Build.0 = Release|Any CPU
		{9AEEAD3F-DA34-4B90-BAB2-CE180B445D13}.Debug|Any CPU.ActiveCfg = Debug|Any CPU
		{9AEEAD3F-DA34-4B90-BAB2-CE180B445D13}.Debug|Any CPU.Build.0 = Debug|Any CPU
		{9AEEAD3F-DA34-4B90-BAB2-CE180B445D13}.Release|Any CPU.ActiveCfg = Release|Any CPU
		{9AEEAD3F-DA34-4B90-BAB2-CE180B445D13}.Release|Any CPU.Build.0 = Release|Any CPU
	EndGlobalSection
	GlobalSection(SolutionProperties) = preSolution
		HideSolutionNode = FALSE
	EndGlobalSection
	GlobalSection(ExtensibilityGlobals) = postSolution
		SolutionGuid = {B9B0893D-EC8C-41C7-8EA6-DAE2F176C0AC}
	EndGlobalSection
EndGlobal
